
Microsoft Visual Studio Solution File, Format Version 12.00
Project("{FAE04EC0-301F-11D3-BF4B-00C04F79EFBC}") = "Benchmarks.ActivatorUtilitiesPerformance", "Benchmarks.ActivatorUtilitiesPerformance\Benchmarks.ActivatorUtilitiesPerformance.csproj", "{10893FBE-18B6-4FFF-BABC-C968C1EB9CD3}"
EndProject
Project("{FAE04EC0-301F-11D3-BF4B-00C04F79EFBC}") = "Benchmarks.SwitchPerformance", "Benchmarks.SwitchPerformance\Benchmarks.SwitchPerformance.csproj", "{1B7CCE3A-A2DA-4C10-AC56-9959D95595A5}"
EndProject
Global
	GlobalSection(SolutionConfigurationPlatforms) = preSolution
		Debug|Any CPU = Debug|Any CPU
		Release|Any CPU = Release|Any CPU
	EndGlobalSection
	GlobalSection(ProjectConfigurationPlatforms) = postSolution
		{10893FBE-18B6-4FFF-BABC-C968C1EB9CD3}.Debug|Any CPU.ActiveCfg = Debug|Any CPU
		{10893FBE-18B6-4FFF-BABC-C968C1EB9CD3}.Debug|Any CPU.Build.0 = Debug|Any CPU
		{10893FBE-18B6-4FFF-BABC-C968C1EB9CD3}.Release|Any CPU.ActiveCfg = Release|Any CPU
		{10893FBE-18B6-4FFF-BABC-C968C1EB9CD3}.Release|Any CPU.Build.0 = Release|Any CPU
		{1B7CCE3A-A2DA-4C10-AC56-9959D95595A5}.Debug|Any CPU.ActiveCfg = Debug|Any CPU
		{1B7CCE3A-A2DA-4C10-AC56-9959D95595A5}.Debug|Any CPU.Build.0 = Debug|Any CPU
		{1B7CCE3A-A2DA-4C10-AC56-9959D95595A5}.Release|Any CPU.ActiveCfg = Release|Any CPU
		{1B7CCE3A-A2DA-4C10-AC56-9959D95595A5}.Release|Any CPU.Build.0 = Release|Any CPU
	EndGlobalSection
EndGlobal
